// !$*UTF8*$!
{
	archiveVersion = 1;
	classes = {
	};
	objectVersion = 46;
	objects = {

/* Begin PBXBuildFile section */
		84F4373A1EC34419009CB4AE /* AppDelegate.swift in Sources */ = {isa = PBXBuildFile; fileRef = 84F437391EC34419009CB4AE /* AppDelegate.swift */; };
		84F4373C1EC34419009CB4AE /* ViewController.swift in Sources */ = {isa = PBXBuildFile; fileRef = 84F4373B1EC34419009CB4AE /* ViewController.swift */; };
		84F4373F1EC34419009CB4AE /* Main.storyboard in Resources */ = {isa = PBXBuildFile; fileRef = 84F4373D1EC34419009CB4AE /* Main.storyboard */; };
		84F437411EC34419009CB4AE /* Assets.xcassets in Resources */ = {isa = PBXBuildFile; fileRef = 84F437401EC34419009CB4AE /* Assets.xcassets */; };
		84F437441EC34419009CB4AE /* LaunchScreen.storyboard in Resources */ = {isa = PBXBuildFile; fileRef = 84F437421EC34419009CB4AE /* LaunchScreen.storyboard */; };
		84F4374C1EC34667009CB4AE /* Yeu Duoi.mp3 in Resources */ = {isa = PBXBuildFile; fileRef = 84F4374B1EC34667009CB4AE /* Yeu Duoi.mp3 */; };
/* End PBXBuildFile section */

/* Begin PBXFileReference section */
		84F437361EC34419009CB4AE /* AudioPlayer.app */ = {isa = PBXFileReference; explicitFileType = wrapper.application; includeInIndex = 0; path = AudioPlayer.app; sourceTree = BUILT_PRODUCTS_DIR; };
		84F437391EC34419009CB4AE /* AppDelegate.swift */ = {isa = PBXFileReference; lastKnownFileType = sourcecode.swift; path = AppDelegate.swift; sourceTree = "<group>"; };
		84F4373B1EC34419009CB4AE /* ViewController.swift */ = {isa = PBXFileReference; lastKnownFileType = sourcecode.swift; path = ViewController.swift; sourceTree = "<group>"; };
		84F4373E1EC34419009CB4AE /* Base */ = {isa = PBXFileReference; lastKnownFileType = file.storyboard; name = Base; path = Base.lproj/Main.storyboard; sourceTree = "<group>"; };
		84F437401EC34419009CB4AE /* Assets.xcassets */ = {isa = PBXFileReference; lastKnownFileType = folder.assetcatalog; path = Assets.xcassets; sourceTree = "<group>"; };
		84F437431EC34419009CB4AE /* Base */ = {isa = PBXFileReference; lastKnownFileType = file.storyboard; name = Base; path = Base.lproj/LaunchScreen.storyboard; sourceTree = "<group>"; };
		84F437451EC34419009CB4AE /* Info.plist */ = {isa = PBXFileReference; lastKnownFileType = text.plist.xml; path = Info.plist; sourceTree = "<group>"; };
		84F4374B1EC34667009CB4AE /* Yeu Duoi.mp3 */ = {isa = PBXFileReference; lastKnownFileType = audio.mp3; name = "Yeu Duoi.mp3"; path = "../../../../../Volumes/Data/music/Yeu Duoi.mp3"; sourceTree = "<group>"; };
/* End PBXFileReference section */

/* Begin PBXFrameworksBuildPhase section */
		84F437331EC34417009CB4AE /* Frameworks */ = {
			isa = PBXFrameworksBuildPhase;
			buildActionMask = 2147483647;
			files = (
			);
			runOnlyForDeploymentPostprocessing = 0;
		};
/* End PBXFrameworksBuildPhase section */

/* Begin PBXGroup section */
		84F4372D1EC34417009CB4AE = {
			isa = PBXGroup;
			children = (
				84F437381EC34419009CB4AE /* AudioPlayer */,
				84F437371EC34419009CB4AE /* Products */,
			);
			sourceTree = "<group>";
		};
		84F437371EC34419009CB4AE /* Products */ = {
			isa = PBXGroup;
			children = (
				84F437361EC34419009CB4AE /* AudioPlayer.app */,
			);
			name = Products;
			sourceTree = "<group>";
		};
		84F437381EC34419009CB4AE /* AudioPlayer */ = {
			isa = PBXGroup;
			children = (
				84F437391EC34419009CB4AE /* AppDelegate.swift */,
				84F4373B1EC34419009CB4AE /* ViewController.swift */,
				84F4373D1EC34419009CB4AE /* Main.storyboard */,
				84F437401EC34419009CB4AE /* Assets.xcassets */,
				84F4374B1EC34667009CB4AE /* Yeu Duoi.mp3 */,
				84F437421EC34419009CB4AE /* LaunchScreen.storyboard */,
				84F437451EC34419009CB4AE /* Info.plist */,
			);
			path = AudioPlayer;
			sourceTree = "<group>";
		};
/* End PBXGroup section */

/* Begin PBXNativeTarget section */
		84F437351EC34417009CB4AE /* AudioPlayer */ = {
			isa = PBXNativeTarget;
			buildConfigurationList = 84F437481EC34419009CB4AE /* Build configuration list for PBXNativeTarget "AudioPlayer" */;
			buildPhases = (
				84F437321EC34417009CB4AE /* Sources */,
				84F437331EC34417009CB4AE /* Frameworks */,
				84F437341EC34417009CB4AE /* Resources */,
			);
			buildRules = (
			);
			dependencies = (
			);
			name = AudioPlayer;
			productName = AudioPlayer;
			productReference = 84F437361EC34419009CB4AE /* AudioPlayer.app */;
			productType = "com.apple.product-type.application";
		};
/* End PBXNativeTarget section */

/* Begin PBXProject section */
		84F4372E1EC34417009CB4AE /* Project object */ = {
			isa = PBXProject;
			attributes = {
				LastSwiftUpdateCheck = 0820;
				LastUpgradeCheck = 0820;
				ORGANIZATIONNAME = Admin;
				TargetAttributes = {
					84F437351EC34417009CB4AE = {
						CreatedOnToolsVersion = 8.2.1;
						DevelopmentTeam = 4Y7DMRA6T5;
						ProvisioningStyle = Automatic;
					};
				};
			};
			buildConfigurationList = 84F437311EC34417009CB4AE /* Build configuration list for PBXProject "AudioPlayer" */;
			compatibilityVersion = "Xcode 3.2";
			developmentRegion = English;
			hasScannedForEncodings = 0;
			knownRegions = (
				en,
				Base,
			);
			mainGroup = 84F4372D1EC34417009CB4AE;
			productRefGroup = 84F437371EC34419009CB4AE /* Products */;
			projectDirPath = "";
			projectRoot = "";
			targets = (
				84F437351EC34417009CB4AE /* AudioPlayer */,
			);
		};
/* End PBXProject section */

/* Begin PBXResourcesBuildPhase section */
		84F437341EC34417009CB4AE /* Resources */ = {
			isa = PBXResourcesBuildPhase;
			buildActionMask = 2147483647;
			files = (
				84F437441EC34419009CB4AE /* LaunchScreen.storyboard in Resources */,
				84F437411EC34419009CB4AE /* Assets.xcassets in Resources */,
				84F4373F1EC34419009CB4AE /* Main.storyboard in Resources */,
				84F4374C1EC34667009CB4AE /* Yeu Duoi.mp3 in Resources */,
			);
			runOnlyForDeploymentPostprocessing = 0;
		};
/* End PBXResourcesBuildPhase section */

/* Begin PBXSourcesBuildPhase section */
		84F437321EC34417009CB4AE /* Sources */ = {
			isa = PBXSourcesBuildPhase;
			buildActionMask = 2147483647;
			files = (
				84F4373C1EC34419009CB4AE /* ViewController.swift in Sources */,
				84F4373A1EC34419009CB4AE /* AppDelegate.swift in Sources */,
			);
			runOnlyForDeploymentPostprocessing = 0;
		};
/* End PBXSourcesBuildPhase section */

/* Begin PBXVariantGroup section */
		84F4373D1EC34419009CB4AE /* Main.storyboard */ = {
			isa = PBXVariantGroup;
			children = (
				84F4373E1EC34419009CB4AE /* Base */,
			);
			name = Main.storyboard;
			sourceTree = "<group>";
		};
		84F437421EC34419009CB4AE /* LaunchScreen.storyboard */ = {
			isa = PBXVariantGroup;
			children = (
				84F437431EC34419009CB4AE /* Base */,
			);
			name = LaunchScreen.storyboard;
			sourceTree = "<group>";
		};
/* End PBXVariantGroup section */

/* Begin XCBuildConfiguration section */
		84F437461EC34419009CB4AE /* Debug */ = {
			isa = XCBuildConfiguration;
			buildSettings = {
				ALWAYS_SEARCH_USER_PATHS = NO;
				CLANG_ANALYZER_NONNULL = YES;
				CLANG_CXX_LANGUAGE_STANDARD = "gnu++0x";
				CLANG_CXX_LIBRARY = "libc++";
				CLANG_ENABLE_MODULES = YES;
				CLANG_ENABLE_OBJC_ARC = YES;
				CLANG_WARN_BOOL_CONVERSION = YES;
				CLANG_WARN_CONSTANT_CONVERSION = YES;
				CLANG_WARN_DIRECT_OBJC_ISA_USAGE = YES_ERROR;
				CLANG_WARN_DOCUMENTATION_COMMENTS = YES;
				CLANG_WARN_EMPTY_BODY = YES;
				CLANG_WARN_ENUM_CONVERSION = YES;
				CLANG_WARN_INFINITE_RECURSION = YES;
				CLANG_WARN_INT_CONVERSION = YES;
				CLANG_WARN_OBJC_ROOT_CLASS = YES_ERROR;
				CLANG_WARN_SUSPICIOUS_MOVE = YES;
				CLANG_WARN_UNREACHABLE_CODE = YES;
				CLANG_WARN__DUPLICATE_METHOD_MATCH = YES;
				"CODE_SIGN_IDENTITY[sdk=iphoneos*]" = "iPhone Developer";
				COPY_PHASE_STRIP = NO;
				DEBUG_INFORMATION_FORMAT = dwarf;
				ENABLE_STRICT_OBJC_MSGSEND = YES;
				ENABLE_TESTABILITY = YES;
				GCC_C_LANGUAGE_STANDARD = gnu99;
				GCC_DYNAMIC_NO_PIC = NO;
				GCC_NO_COMMON_BLOCKS = YES;
				GCC_OPTIMIZATION_LEVEL = 0;
				GCC_PREPROCESSOR_DEFINITIONS = (
					"DEBUG=1",
					"$(inherited)",
				);
				GCC_WARN_64_TO_32_BIT_CONVERSION = YES;
				GCC_WARN_ABOUT_RETURN_TYPE = YES_ERROR;
				GCC_WARN_UNDECLARED_SELECTOR = YES;
				GCC_WARN_UNINITIALIZED_AUTOS = YES_AGGRESSIVE;
				GCC_WARN_UNUSED_FUNCTION = YES;
				GCC_WARN_UNUSED_VARIABLE = YES;
				IPHONEOS_DEPLOYMENT_TARGET = 10.2;
				MTL_ENABLE_DEBUG_INFO = YES;
				ONLY_ACTIVE_ARCH = YES;
				SDKROOT = iphoneos;
				SWIFT_ACTIVE_COMPILATION_CONDITIONS = DEBUG;
				SWIFT_OPTIMIZATION_LEVEL = "-Onone";
				TARGETED_DEVICE_FAMILY = "1,2";
			};
			name = Debug;
		};
		84F437471EC34419009CB4AE /* Release */ = {
			isa = XCBuildConfiguration;
			buildSettings = {
				ALWAYS_SEARCH_USER_PATHS = NO;
				CLANG_ANALYZER_NONNULL = YES;
				CLANG_CXX_LANGUAGE_STANDARD = "gnu++0x";
				CLANG_CXX_LIBRARY = "libc++";
				CLANG_ENABLE_MODULES = YES;
				CLANG_ENABLE_OBJC_ARC = YES;
				CLANG_WARN_BOOL_CONVERSION = YES;
				CLANG_WARN_CONSTANT_CONVERSION = YES;
				CLANG_WARN_DIRECT_OBJC_ISA_USAGE = YES_ERROR;
				CLANG_WARN_DOCUMENTATION_COMMENTS = YES;
				CLANG_WARN_EMPTY_BODY = YES;
				CLANG_WARN_ENUM_CONVERSION = YES;
				CLANG_WARN_INFINITE_RECURSION = YES;
				CLANG_WARN_INT_CONVERSION = YES;
				CLANG_WARN_OBJC_ROOT_CLASS = YES_ERROR;
				CLANG_WARN_SUSPICIOUS_MOVE = YES;
				CLANG_WARN_UNREACHABLE_CODE = YES;
				CLANG_WARN__DUPLICATE_METHOD_MATCH = YES;
				"CODE_SIGN_IDENTITY[sdk=iphoneos*]" = "iPhone Developer";
				COPY_PHASE_STRIP = NO;
				DEBUG_INFORMATION_FORMAT = "dwarf-with-dsym";
				ENABLE_NS_ASSERTIONS = NO;
				ENABLE_STRICT_OBJC_MSGSEND = YES;
				GCC_C_LANGUAGE_STANDARD = gnu99;
				GCC_NO_COMMON_BLOCKS = YES;
				GCC_WARN_64_TO_32_BIT_CONVERSION = YES;
				GCC_WARN_ABOUT_RETURN_TYPE = YES_ERROR;
				GCC_WARN_UNDECLARED_SELECTOR = YES;
				GCC_WARN_UNINITIALIZED_AUTOS = YES_AGGRESSIVE;
				GCC_WARN_UNUSED_FUNCTION = YES;
				GCC_WARN_UNUSED_VARIABLE = YES;
				IPHONEOS_DEPLOYMENT_TARGET = 10.2;
				MTL_ENABLE_DEBUG_INFO = NO;
				SDKROOT = iphoneos;
				SWIFT_OPTIMIZATION_LEVEL = "-Owholemodule";
				TARGETED_DEVICE_FAMILY = "1,2";
				VALIDATE_PRODUCT = YES;
			};
			name = Release;
		};
		84F437491EC34419009CB4AE /* Debug */ = {
			isa = XCBuildConfiguration;
			buildSettings = {
				ASSETCATALOG_COMPILER_APPICON_NAME = AppIcon;
				DEVELOPMENT_TEAM = 4Y7DMRA6T5;
				INFOPLIST_FILE = AudioPlayer/Info.plist;
				LD_RUNPATH_SEARCH_PATHS = "$(inherited) @executable_path/Frameworks";
				PRODUCT_BUNDLE_IDENTIFIER = vn.techkids.AudioPlayer;
				PRODUCT_NAME = "$(TARGET_NAME)";
				SWIFT_VERSION = 3.0;
			};
			name = Debug;
		};
		84F4374A1EC34419009CB4AE /* Release */ = {
			isa = XCBuildConfiguration;
			buildSettings = {
				ASSETCATALOG_COMPILER_APPICON_NAME = AppIcon;
				DEVELOPMENT_TEAM = 4Y7DMRA6T5;
				INFOPLIST_FILE = AudioPlayer/Info.plist;
				LD_RUNPATH_SEARCH_PATHS = "$(inherited) @executable_path/Frameworks";
				PRODUCT_BUNDLE_IDENTIFIER = vn.techkids.AudioPlayer;
				PRODUCT_NAME = "$(TARGET_NAME)";
				SWIFT_VERSION = 3.0;
			};
			name = Release;
		};
/* End XCBuildConfiguration section */

/* Begin XCConfigurationList section */
		84F437311EC34417009CB4AE /* Build configuration list for PBXProject "AudioPlayer" */ = {
			isa = XCConfigurationList;
			buildConfigurations = (
				84F437461EC34419009CB4AE /* Debug */,
				84F437471EC34419009CB4AE /* Release */,
			);
			defaultConfigurationIsVisible = 0;
			defaultConfigurationName = Release;
		};
		84F437481EC34419009CB4AE /* Build configuration list for PBXNativeTarget "AudioPlayer" */ = {
			isa = XCConfigurationList;
			buildConfigurations = (
				84F437491EC34419009CB4AE /* Debug */,
				84F4374A1EC34419009CB4AE /* Release */,
			);
			defaultConfigurationIsVisible = 0;
		};
/* End XCConfigurationList section */
	};
	rootObject = 84F4372E1EC34417009CB4AE /* Project object */;
}
